
Microsoft Visual Studio Solution File, Format Version 12.00
# Visual Studio Version 17
VisualStudioVersion = 17.9.34728.123
MinimumVisualStudioVersion = 10.0.40219.1
Project("{FAE04EC0-301F-11D3-BF4B-00C04F79EFBC}") = "WinFormsApp4", "WinFormsApp4\WinFormsApp4.csproj", "{EB43EFAC-6096-4CC3-9270-B5410C978B2A}"
EndProject
Global
	GlobalSection(SolutionConfigurationPlatforms) = preSolution
		Debug|Any CPU = Debug|Any CPU
		Release|Any CPU = Release|Any CPU
	EndGlobalSection
	GlobalSection(ProjectConfigurationPlatforms) = postSolution
		{EB43EFAC-6096-4CC3-9270-B5410C978B2A}.Debug|Any CPU.ActiveCfg = Debug|Any CPU
		{EB43EFAC-6096-4CC3-9270-B5410C978B2A}.Debug|Any CPU.Build.0 = Debug|Any CPU
		{EB43EFAC-6096-4CC3-9270-B5410C978B2A}.Release|Any CPU.ActiveCfg = Release|Any CPU
		{EB43EFAC-6096-4CC3-9270-B5410C978B2A}.Release|Any CPU.Build.0 = Release|Any CPU
	EndGlobalSection
	GlobalSection(SolutionProperties) = preSolution
		HideSolutionNode = FALSE
	EndGlobalSection
	GlobalSection(ExtensibilityGlobals) = postSolution
		SolutionGuid = {0E9E225F-9A5D-4598-B152-9AE0812703F9}
	EndGlobalSection
EndGlobal
